
Microsoft Visual Studio Solution File, Format Version 12.00
# Visual Studio Version 17
VisualStudioVersion = 17.4.33213.308
MinimumVisualStudioVersion = 10.0.40219.1
Project("{8BC9CEB8-8B4A-11D0-8D11-00A0C91BC942}") = "AdminPage", "AdminPage.vcxproj", "{CFFFFE4B-E195-4994-AD4B-D7071387091F}"
EndProject
Global
	GlobalSection(SolutionConfigurationPlatforms) = preSolution
		Debug|x64 = Debug|x64
		Debug|x86 = Debug|x86
		Release|x64 = Release|x64
		Release|x86 = Release|x86
	EndGlobalSection
	GlobalSection(ProjectConfigurationPlatforms) = postSolution
		{CFFFFE4B-E195-4994-AD4B-D7071387091F}.Debug|x64.ActiveCfg = Debug|x64
		{CFFFFE4B-E195-4994-AD4B-D7071387091F}.Debug|x64.Build.0 = Debug|x64
		{CFFFFE4B-E195-4994-AD4B-D7071387091F}.Debug|x86.ActiveCfg = Debug|Win32
		{CFFFFE4B-E195-4994-AD4B-D7071387091F}.Debug|x86.Build.0 = Debug|Win32
		{CFFFFE4B-E195-4994-AD4B-D7071387091F}.Release|x64.ActiveCfg = Release|x64
		{CFFFFE4B-E195-4994-AD4B-D7071387091F}.Release|x64.Build.0 = Release|x64
		{CFFFFE4B-E195-4994-AD4B-D7071387091F}.Release|x86.ActiveCfg = Release|Win32
		{CFFFFE4B-E195-4994-AD4B-D7071387091F}.Release|x86.Build.0 = Release|Win32
	EndGlobalSection
	GlobalSection(SolutionProperties) = preSolution
		HideSolutionNode = FALSE
	EndGlobalSection
	GlobalSection(ExtensibilityGlobals) = postSolution
		SolutionGuid = {39483D27-0A60-4C69-8F22-616198456103}
	EndGlobalSection
EndGlobal
